# This file is automatically @generated by Poetry 1.8.3 and should not be changed by hand.

[[package]]
name = "py-midi"
version = "2.0.1"
description = "A package for sending and receiving MIDI messages easily."
optional = false
python-versions = "*"
files = [
    {file = "py_midi-2.0.1-py3-none-any.whl", hash = "sha256:3bbc896f4bd7ee55e595a2300e173e95522c87964f3acbee705a3d160bfdeac6"},
]

[package.dependencies]
pyserial = "*"

[[package]]
name = "pyserial"
version = "3.5"
description = "Python Serial Port Extension"
optional = false
python-versions = "*"
files = [
    {file = "pyserial-3.5-py2.py3-none-any.whl", hash = "sha256:c4451db6ba391ca6ca299fb3ec7bae67a5c55dde170964c7a14ceefec02f2cf0"},
    {file = "pyserial-3.5.tar.gz", hash = "sha256:3c77e014170dfffbd816e6ffc205e9842efb10be9f58ec16d3e8675b4925cddb"},
]

[package.extras]
cp2110 = ["hidapi"]

[metadata]
lock-version = "2.0"
python-versions = "^3.12"
content-hash = "1c9a0117982d21e233222710cfa317f9cb338894dd2bf935f942365dfc100b0e"
